<Solution>
  <Configurations>
    <Platform Name="Any CPU" />
    <Platform Name="x64" />
    <Platform Name="x86" />
  </Configurations>
  <Project Path="Demo/Demo.csproj" />
  <Project Path="NServiceBus.Compression.Benchmarks/NServiceBus.Compression.Benchmarks.csproj" />
  <Project Path="NServiceBus.Compression.Tests/NServiceBus.Compression.Tests.csproj" />
  <Project Path="NServiceBus.Compression/NServiceBus.Compression.csproj" />
</Solution>
