
Microsoft Visual Studio Solution File, Format Version 12.00
# Visual Studio Version 16
VisualStudioVersion = 16.0.30114.105
MinimumVisualStudioVersion = 10.0.40219.1
Project("{9A19103F-16F7-4668-BE54-9A1E7A4F7556}") = "NServiceBus.Compression", "NServiceBus.Compression\NServiceBus.Compression.csproj", "{99678DB1-6017-47BF-B054-ED698C3B24F1}"
EndProject
Project("{FAE04EC0-301F-11D3-BF4B-00C04F79EFBC}") = "Demo", "Demo\Demo.csproj", "{0C253DCA-3538-4892-9EE5-A2EFDE1EF501}"
EndProject
Project("{FAE04EC0-301F-11D3-BF4B-00C04F79EFBC}") = "NServiceBus.Compression.Tests", "NServiceBus.Compression.Tests\NServiceBus.Compression.Tests.csproj", "{D8F79886-E45D-40A2-82B6-6AC3CD8C3E1E}"
EndProject
Project("{FAE04EC0-301F-11D3-BF4B-00C04F79EFBC}") = "NServiceBus.Compression.Benchmarks", "NServiceBus.Compression.Benchmarks\NServiceBus.Compression.Benchmarks.csproj", "{53285CF2-12DA-4AE3-B3C9-83AE1D7104DC}"
EndProject
Global
	GlobalSection(SolutionConfigurationPlatforms) = preSolution
		Debug|Any CPU = Debug|Any CPU
		Debug|x64 = Debug|x64
		Debug|x86 = Debug|x86
		Release|Any CPU = Release|Any CPU
		Release|x64 = Release|x64
		Release|x86 = Release|x86
	EndGlobalSection
	GlobalSection(ProjectConfigurationPlatforms) = postSolution
		{99678DB1-6017-47BF-B054-ED698C3B24F1}.Debug|Any CPU.ActiveCfg = Debug|Any CPU
		{99678DB1-6017-47BF-B054-ED698C3B24F1}.Debug|Any CPU.Build.0 = Debug|Any CPU
		{99678DB1-6017-47BF-B054-ED698C3B24F1}.Debug|x64.ActiveCfg = Debug|Any CPU
		{99678DB1-6017-47BF-B054-ED698C3B24F1}.Debug|x64.Build.0 = Debug|Any CPU
		{99678DB1-6017-47BF-B054-ED698C3B24F1}.Debug|x86.ActiveCfg = Debug|Any CPU
		{99678DB1-6017-47BF-B054-ED698C3B24F1}.Debug|x86.Build.0 = Debug|Any CPU
		{99678DB1-6017-47BF-B054-ED698C3B24F1}.Release|Any CPU.ActiveCfg = Release|Any CPU
		{99678DB1-6017-47BF-B054-ED698C3B24F1}.Release|Any CPU.Build.0 = Release|Any CPU
		{99678DB1-6017-47BF-B054-ED698C3B24F1}.Release|x64.ActiveCfg = Release|Any CPU
		{99678DB1-6017-47BF-B054-ED698C3B24F1}.Release|x64.Build.0 = Release|Any CPU
		{99678DB1-6017-47BF-B054-ED698C3B24F1}.Release|x86.ActiveCfg = Release|Any CPU
		{99678DB1-6017-47BF-B054-ED698C3B24F1}.Release|x86.Build.0 = Release|Any CPU
		{0C253DCA-3538-4892-9EE5-A2EFDE1EF501}.Debug|Any CPU.ActiveCfg = Debug|Any CPU
		{0C253DCA-3538-4892-9EE5-A2EFDE1EF501}.Debug|Any CPU.Build.0 = Debug|Any CPU
		{0C253DCA-3538-4892-9EE5-A2EFDE1EF501}.Debug|x64.ActiveCfg = Debug|Any CPU
		{0C253DCA-3538-4892-9EE5-A2EFDE1EF501}.Debug|x64.Build.0 = Debug|Any CPU
		{0C253DCA-3538-4892-9EE5-A2EFDE1EF501}.Debug|x86.ActiveCfg = Debug|Any CPU
		{0C253DCA-3538-4892-9EE5-A2EFDE1EF501}.Debug|x86.Build.0 = Debug|Any CPU
		{0C253DCA-3538-4892-9EE5-A2EFDE1EF501}.Release|Any CPU.ActiveCfg = Release|Any CPU
		{0C253DCA-3538-4892-9EE5-A2EFDE1EF501}.Release|Any CPU.Build.0 = Release|Any CPU
		{0C253DCA-3538-4892-9EE5-A2EFDE1EF501}.Release|x64.ActiveCfg = Release|Any CPU
		{0C253DCA-3538-4892-9EE5-A2EFDE1EF501}.Release|x64.Build.0 = Release|Any CPU
		{0C253DCA-3538-4892-9EE5-A2EFDE1EF501}.Release|x86.ActiveCfg = Release|Any CPU
		{0C253DCA-3538-4892-9EE5-A2EFDE1EF501}.Release|x86.Build.0 = Release|Any CPU
		{D8F79886-E45D-40A2-82B6-6AC3CD8C3E1E}.Debug|Any CPU.ActiveCfg = Debug|Any CPU
		{D8F79886-E45D-40A2-82B6-6AC3CD8C3E1E}.Debug|Any CPU.Build.0 = Debug|Any CPU
		{D8F79886-E45D-40A2-82B6-6AC3CD8C3E1E}.Debug|x64.ActiveCfg = Debug|Any CPU
		{D8F79886-E45D-40A2-82B6-6AC3CD8C3E1E}.Debug|x64.Build.0 = Debug|Any CPU
		{D8F79886-E45D-40A2-82B6-6AC3CD8C3E1E}.Debug|x86.ActiveCfg = Debug|Any CPU
		{D8F79886-E45D-40A2-82B6-6AC3CD8C3E1E}.Debug|x86.Build.0 = Debug|Any CPU
		{D8F79886-E45D-40A2-82B6-6AC3CD8C3E1E}.Release|Any CPU.ActiveCfg = Release|Any CPU
		{D8F79886-E45D-40A2-82B6-6AC3CD8C3E1E}.Release|Any CPU.Build.0 = Release|Any CPU
		{D8F79886-E45D-40A2-82B6-6AC3CD8C3E1E}.Release|x64.ActiveCfg = Release|Any CPU
		{D8F79886-E45D-40A2-82B6-6AC3CD8C3E1E}.Release|x64.Build.0 = Release|Any CPU
		{D8F79886-E45D-40A2-82B6-6AC3CD8C3E1E}.Release|x86.ActiveCfg = Release|Any CPU
		{D8F79886-E45D-40A2-82B6-6AC3CD8C3E1E}.Release|x86.Build.0 = Release|Any CPU
		{53285CF2-12DA-4AE3-B3C9-83AE1D7104DC}.Debug|Any CPU.ActiveCfg = Debug|Any CPU
		{53285CF2-12DA-4AE3-B3C9-83AE1D7104DC}.Debug|Any CPU.Build.0 = Debug|Any CPU
		{53285CF2-12DA-4AE3-B3C9-83AE1D7104DC}.Debug|x64.ActiveCfg = Debug|Any CPU
		{53285CF2-12DA-4AE3-B3C9-83AE1D7104DC}.Debug|x64.Build.0 = Debug|Any CPU
		{53285CF2-12DA-4AE3-B3C9-83AE1D7104DC}.Debug|x86.ActiveCfg = Debug|Any CPU
		{53285CF2-12DA-4AE3-B3C9-83AE1D7104DC}.Debug|x86.Build.0 = Debug|Any CPU
		{53285CF2-12DA-4AE3-B3C9-83AE1D7104DC}.Release|Any CPU.ActiveCfg = Release|Any CPU
		{53285CF2-12DA-4AE3-B3C9-83AE1D7104DC}.Release|Any CPU.Build.0 = Release|Any CPU
		{53285CF2-12DA-4AE3-B3C9-83AE1D7104DC}.Release|x64.ActiveCfg = Release|Any CPU
		{53285CF2-12DA-4AE3-B3C9-83AE1D7104DC}.Release|x64.Build.0 = Release|Any CPU
		{53285CF2-12DA-4AE3-B3C9-83AE1D7104DC}.Release|x86.ActiveCfg = Release|Any CPU
		{53285CF2-12DA-4AE3-B3C9-83AE1D7104DC}.Release|x86.Build.0 = Release|Any CPU
	EndGlobalSection
	GlobalSection(SolutionProperties) = preSolution
		HideSolutionNode = FALSE
	EndGlobalSection
	GlobalSection(ExtensibilityGlobals) = postSolution
		SolutionGuid = {48D1C4CF-D5B6-43AE-BEC6-CA3BE4B4AD66}
	EndGlobalSection
EndGlobal
